
Microsoft Visual Studio Solution File, Format Version 12.00
# Visual Studio Version 17
VisualStudioVersion = 17.7.34221.43
MinimumVisualStudioVersion = 10.0.40219.1
Project("{FAE04EC0-301F-11D3-BF4B-00C04F79EFBC}") = "GitPackaging", "GitPackaging.csproj", "{A0EE2DAF-898D-4763-8588-7367F8621892}"
EndProject
Project("{FAE04EC0-301F-11D3-BF4B-00C04F79EFBC}") = "GitPackagingTest", "..\GitPackagingTest\GitPackagingTest.csproj", "{04AA3B48-818A-42DD-9493-EE843FB38987}"
EndProject
Global
	GlobalSection(SolutionConfigurationPlatforms) = preSolution
		Debug|Any CPU = Debug|Any CPU
		Release|Any CPU = Release|Any CPU
	EndGlobalSection
	GlobalSection(ProjectConfigurationPlatforms) = postSolution
		{A0EE2DAF-898D-4763-8588-7367F8621892}.Debug|Any CPU.ActiveCfg = Debug|Any CPU
		{A0EE2DAF-898D-4763-8588-7367F8621892}.Debug|Any CPU.Build.0 = Debug|Any CPU
		{A0EE2DAF-898D-4763-8588-7367F8621892}.Release|Any CPU.ActiveCfg = Release|Any CPU
		{A0EE2DAF-898D-4763-8588-7367F8621892}.Release|Any CPU.Build.0 = Release|Any CPU
		{04AA3B48-818A-42DD-9493-EE843FB38987}.Debug|Any CPU.ActiveCfg = Debug|Any CPU
		{04AA3B48-818A-42DD-9493-EE843FB38987}.Debug|Any CPU.Build.0 = Debug|Any CPU
		{04AA3B48-818A-42DD-9493-EE843FB38987}.Release|Any CPU.ActiveCfg = Release|Any CPU
		{04AA3B48-818A-42DD-9493-EE843FB38987}.Release|Any CPU.Build.0 = Release|Any CPU
	EndGlobalSection
	GlobalSection(SolutionProperties) = preSolution
		HideSolutionNode = FALSE
	EndGlobalSection
	GlobalSection(ExtensibilityGlobals) = postSolution
		SolutionGuid = {B04B11CB-A42B-4A68-8660-19BB9D53B1DC}
	EndGlobalSection
EndGlobal
